
Microsoft Visual Studio Solution File, Format Version 12.00
# Visual Studio Version 16
VisualStudioVersion = 16.0.34031.81
MinimumVisualStudioVersion = 10.0.40219.1
Project("{2150E333-8FDC-42A3-9474-1A3956D46DE8}") = "Task0", "Task0", "{75FD02C1-7564-47D8-9B36-76C3DC5F35FD}"
EndProject
Project("{FAE04EC0-301F-11D3-BF4B-00C04F79EFBC}") = "Tyuiu.GofmanDV.Sprint0.Task0", "Tyuiu.GofmanDV.Sprint0.Task0\Tyuiu.GofmanDV.Sprint0.Task0.csproj", "{F408CEBD-56F0-42CF-B535-7E48FFF9CBD2}"
EndProject
Project("{2150E333-8FDC-42A3-9474-1A3956D46DE8}") = "Task1", "Task1", "{A1B2D9BD-8559-4667-BB9E-FE480AF5A2C9}"
EndProject
Project("{FAE04EC0-301F-11D3-BF4B-00C04F79EFBC}") = "Tyuiu.GofmanDV.Sprint0.Task1", "Tyuiu.GofmanDV.Sprint0.Task1\Tyuiu.GofmanDV.Sprint0.Task1.csproj", "{B4351777-3A36-4E5A-A6B3-3966B7C2A516}"
EndProject
Project("{2150E333-8FDC-42A3-9474-1A3956D46DE8}") = "Task2", "Task2", "{22D67AE7-EEB8-4BB3-9760-0F1E535072D1}"
EndProject
Project("{FAE04EC0-301F-11D3-BF4B-00C04F79EFBC}") = "Tyuiu.GofmanDV.Sprint0.Task2", "Tyuiu.GofmanDV.Sprint0.Task2\Tyuiu.GofmanDV.Sprint0.Task2.csproj", "{150DB207-8CE0-41C3-BF1B-FC7A5B889E77}"
EndProject
Project("{FAE04EC0-301F-11D3-BF4B-00C04F79EFBC}") = "Tyuiu.GofmanDV.Sprint0.Task2.Lib", "Tyuiu.GofmanDV.Sprint0.Task2.Lib\Tyuiu.GofmanDV.Sprint0.Task2.Lib.csproj", "{72CEABB5-4E3E-4D7F-8626-9773C91CDF8A}"
EndProject
Project("{FAE04EC0-301F-11D3-BF4B-00C04F79EFBC}") = "Tyuiu.GofmanDV.Sprint0.Task2.Test", "Tyuiu.GofmanDV.Sprint0.Task2.Test\Tyuiu.GofmanDV.Sprint0.Task2.Test.csproj", "{EAB5710D-1D60-47CD-AAA6-70AECC1CBA65}"
EndProject
Project("{2150E333-8FDC-42A3-9474-1A3956D46DE8}") = "Task3", "Task3", "{2C6BBC51-6EE4-48EC-9C35-55B54E4BA0FF}"
EndProject
Project("{FAE04EC0-301F-11D3-BF4B-00C04F79EFBC}") = "Tyuiu.GofmanDV.Sprint0.Task3.Test", "Tyuiu.GofmanDV.Sprint0.Task3.Test\Tyuiu.GofmanDV.Sprint0.Task3.Test.csproj", "{82277A41-9D6B-442D-9B5C-7D146FF4C534}"
EndProject
Project("{FAE04EC0-301F-11D3-BF4B-00C04F79EFBC}") = "Tyuiu.GofmanDV.Sprint0.Task3.Lib", "Tyuiu.GofmanDV.Sprint0.Task3.Lib\Tyuiu.GofmanDV.Sprint0.Task3.Lib.csproj", "{AFD98D97-2692-4DBD-806D-D711C4E79103}"
EndProject
Project("{FAE04EC0-301F-11D3-BF4B-00C04F79EFBC}") = "Tyuiu.GofmanDV.Sprint0.Task3", "Tyuiu.GofmanDV.Sprint0.Task3\Tyuiu.GofmanDV.Sprint0.Task3.csproj", "{C5B11812-3DB6-44D4-AEB0-A36EA43C3822}"
EndProject
Project("{2150E333-8FDC-42A3-9474-1A3956D46DE8}") = "Task4", "Task4", "{926B52F5-7E05-4A65-ACA1-D2B3CDDE9666}"
EndProject
Project("{FAE04EC0-301F-11D3-BF4B-00C04F79EFBC}") = "Tyuiu.GofmanDV.Sprint0.Task4", "Tyuiu.GofmanDV.Sprint0.Task4\Tyuiu.GofmanDV.Sprint0.Task4.csproj", "{4BCBBE0E-0A1E-402C-BE68-1C4ACA1EE0EF}"
EndProject
Project("{FAE04EC0-301F-11D3-BF4B-00C04F79EFBC}") = "Tyuiu.GofmanDV.Sprint0.Task4.Lib", "Tyuiu.GofmanDV.Sprint0.Task4.Lib\Tyuiu.GofmanDV.Sprint0.Task4.Lib.csproj", "{767915B3-C445-48E3-B2E5-3B7CD62EE0C5}"
EndProject
Project("{FAE04EC0-301F-11D3-BF4B-00C04F79EFBC}") = "Tyuiu.GofmanDV.Sprint0.Task4.Test", "Tyuiu.GofmanDV.Sprint0.Task4.Test\Tyuiu.GofmanDV.Sprint0.Task4.Test.csproj", "{75E6B0B7-BC7C-444D-899F-DCB995794311}"
EndProject
Project("{2150E333-8FDC-42A3-9474-1A3956D46DE8}") = "Task5", "Task5", "{6925DA3D-75A9-4D8F-AFE3-B4F0120F2446}"
EndProject
Project("{FAE04EC0-301F-11D3-BF4B-00C04F79EFBC}") = "Tyuiu.GofmanDV.Sprint0.Task5", "Tyuiu.GofmanDV.Sprint0.Task5\Tyuiu.GofmanDV.Sprint0.Task5.csproj", "{28401FF5-D714-4E6D-8021-DD14A650F987}"
EndProject
Project("{FAE04EC0-301F-11D3-BF4B-00C04F79EFBC}") = "Tyuiu.GofmanDV.Sprint0.Task5.Lib", "Tyuiu.GofmanDV.Sprint0.Task5.Lib\Tyuiu.GofmanDV.Sprint0.Task5.Lib.csproj", "{72C3C2B4-E018-4F71-819A-B177615EFFE6}"
EndProject
Project("{FAE04EC0-301F-11D3-BF4B-00C04F79EFBC}") = "Tyuiu.GofmanDV.Sprint0.Task5.Test", "Tyuiu.GofmanDV.Sprint0.Task5.Test\Tyuiu.GofmanDV.Sprint0.Task5.Test.csproj", "{38C6C321-93B1-4CA6-9779-60E2B34766A3}"
EndProject
Project("{2150E333-8FDC-42A3-9474-1A3956D46DE8}") = "Task6", "Task6", "{162B7D24-9F5E-4731-A8E6-E0203C682DCD}"
EndProject
Project("{FAE04EC0-301F-11D3-BF4B-00C04F79EFBC}") = "Tyuiu.GofmanDV.Sprint0.Task6", "Tyuiu.GofmanDV.Sprint0.Task6\Tyuiu.GofmanDV.Sprint0.Task6.csproj", "{24574FC6-2128-44A0-A7CC-20714049269F}"
EndProject
Project("{FAE04EC0-301F-11D3-BF4B-00C04F79EFBC}") = "Tyuiu.GofmanDV.Sprint0.Task6.Test", "Tyuiu.GofmanDV.Sprint0.Task6.Test\Tyuiu.GofmanDV.Sprint0.Task6.Test.csproj", "{14D2B0EA-3A82-48CB-AD36-25A875BB6AC6}"
EndProject
Project("{FAE04EC0-301F-11D3-BF4B-00C04F79EFBC}") = "Tyuiu.GofmanDV.Sprint0.Task6.Lib", "Tyuiu.GofmanDV.Sprint0.Task6.Lib\Tyuiu.GofmanDV.Sprint0.Task6.Lib.csproj", "{CA15B7EB-4E4B-4AAF-9BEE-F8332A0C01D8}"
EndProject
Global
	GlobalSection(SolutionConfigurationPlatforms) = preSolution
		Debug|Any CPU = Debug|Any CPU
		Release|Any CPU = Release|Any CPU
	EndGlobalSection
	GlobalSection(ProjectConfigurationPlatforms) = postSolution
		{F408CEBD-56F0-42CF-B535-7E48FFF9CBD2}.Debug|Any CPU.ActiveCfg = Debug|Any CPU
		{F408CEBD-56F0-42CF-B535-7E48FFF9CBD2}.Debug|Any CPU.Build.0 = Debug|Any CPU
		{F408CEBD-56F0-42CF-B535-7E48FFF9CBD2}.Release|Any CPU.ActiveCfg = Release|Any CPU
		{F408CEBD-56F0-42CF-B535-7E48FFF9CBD2}.Release|Any CPU.Build.0 = Release|Any CPU
		{B4351777-3A36-4E5A-A6B3-3966B7C2A516}.Debug|Any CPU.ActiveCfg = Debug|Any CPU
		{B4351777-3A36-4E5A-A6B3-3966B7C2A516}.Debug|Any CPU.Build.0 = Debug|Any CPU
		{B4351777-3A36-4E5A-A6B3-3966B7C2A516}.Release|Any CPU.ActiveCfg = Release|Any CPU
		{B4351777-3A36-4E5A-A6B3-3966B7C2A516}.Release|Any CPU.Build.0 = Release|Any CPU
		{150DB207-8CE0-41C3-BF1B-FC7A5B889E77}.Debug|Any CPU.ActiveCfg = Debug|Any CPU
		{150DB207-8CE0-41C3-BF1B-FC7A5B889E77}.Debug|Any CPU.Build.0 = Debug|Any CPU
		{150DB207-8CE0-41C3-BF1B-FC7A5B889E77}.Release|Any CPU.ActiveCfg = Release|Any CPU
		{150DB207-8CE0-41C3-BF1B-FC7A5B889E77}.Release|Any CPU.Build.0 = Release|Any CPU
		{72CEABB5-4E3E-4D7F-8626-9773C91CDF8A}.Debug|Any CPU.ActiveCfg = Debug|Any CPU
		{72CEABB5-4E3E-4D7F-8626-9773C91CDF8A}.Debug|Any CPU.Build.0 = Debug|Any CPU
		{72CEABB5-4E3E-4D7F-8626-9773C91CDF8A}.Release|Any CPU.ActiveCfg = Release|Any CPU
		{72CEABB5-4E3E-4D7F-8626-9773C91CDF8A}.Release|Any CPU.Build.0 = Release|Any CPU
		{EAB5710D-1D60-47CD-AAA6-70AECC1CBA65}.Debug|Any CPU.ActiveCfg = Debug|Any CPU
		{EAB5710D-1D60-47CD-AAA6-70AECC1CBA65}.Debug|Any CPU.Build.0 = Debug|Any CPU
		{EAB5710D-1D60-47CD-AAA6-70AECC1CBA65}.Release|Any CPU.ActiveCfg = Release|Any CPU
		{EAB5710D-1D60-47CD-AAA6-70AECC1CBA65}.Release|Any CPU.Build.0 = Release|Any CPU
		{82277A41-9D6B-442D-9B5C-7D146FF4C534}.Debug|Any CPU.ActiveCfg = Debug|Any CPU
		{82277A41-9D6B-442D-9B5C-7D146FF4C534}.Debug|Any CPU.Build.0 = Debug|Any CPU
		{82277A41-9D6B-442D-9B5C-7D146FF4C534}.Release|Any CPU.ActiveCfg = Release|Any CPU
		{82277A41-9D6B-442D-9B5C-7D146FF4C534}.Release|Any CPU.Build.0 = Release|Any CPU
		{AFD98D97-2692-4DBD-806D-D711C4E79103}.Debug|Any CPU.ActiveCfg = Debug|Any CPU
		{AFD98D97-2692-4DBD-806D-D711C4E79103}.Debug|Any CPU.Build.0 = Debug|Any CPU
		{AFD98D97-2692-4DBD-806D-D711C4E79103}.Release|Any CPU.ActiveCfg = Release|Any CPU
		{AFD98D97-2692-4DBD-806D-D711C4E79103}.Release|Any CPU.Build.0 = Release|Any CPU
		{C5B11812-3DB6-44D4-AEB0-A36EA43C3822}.Debug|Any CPU.ActiveCfg = Debug|Any CPU
		{C5B11812-3DB6-44D4-AEB0-A36EA43C3822}.Debug|Any CPU.Build.0 = Debug|Any CPU
		{C5B11812-3DB6-44D4-AEB0-A36EA43C3822}.Release|Any CPU.ActiveCfg = Release|Any CPU
		{C5B11812-3DB6-44D4-AEB0-A36EA43C3822}.Release|Any CPU.Build.0 = Release|Any CPU
		{4BCBBE0E-0A1E-402C-BE68-1C4ACA1EE0EF}.Debug|Any CPU.ActiveCfg = Debug|Any CPU
		{4BCBBE0E-0A1E-402C-BE68-1C4ACA1EE0EF}.Debug|Any CPU.Build.0 = Debug|Any CPU
		{4BCBBE0E-0A1E-402C-BE68-1C4ACA1EE0EF}.Release|Any CPU.ActiveCfg = Release|Any CPU
		{4BCBBE0E-0A1E-402C-BE68-1C4ACA1EE0EF}.Release|Any CPU.Build.0 = Release|Any CPU
		{767915B3-C445-48E3-B2E5-3B7CD62EE0C5}.Debug|Any CPU.ActiveCfg = Debug|Any CPU
		{767915B3-C445-48E3-B2E5-3B7CD62EE0C5}.Debug|Any CPU.Build.0 = Debug|Any CPU
		{767915B3-C445-48E3-B2E5-3B7CD62EE0C5}.Release|Any CPU.ActiveCfg = Release|Any CPU
		{767915B3-C445-48E3-B2E5-3B7CD62EE0C5}.Release|Any CPU.Build.0 = Release|Any CPU
		{75E6B0B7-BC7C-444D-899F-DCB995794311}.Debug|Any CPU.ActiveCfg = Debug|Any CPU
		{75E6B0B7-BC7C-444D-899F-DCB995794311}.Debug|Any CPU.Build.0 = Debug|Any CPU
		{75E6B0B7-BC7C-444D-899F-DCB995794311}.Release|Any CPU.ActiveCfg = Release|Any CPU
		{75E6B0B7-BC7C-444D-899F-DCB995794311}.Release|Any CPU.Build.0 = Release|Any CPU
		{28401FF5-D714-4E6D-8021-DD14A650F987}.Debug|Any CPU.ActiveCfg = Debug|Any CPU
		{28401FF5-D714-4E6D-8021-DD14A650F987}.Debug|Any CPU.Build.0 = Debug|Any CPU
		{28401FF5-D714-4E6D-8021-DD14A650F987}.Release|Any CPU.ActiveCfg = Release|Any CPU
		{28401FF5-D714-4E6D-8021-DD14A650F987}.Release|Any CPU.Build.0 = Release|Any CPU
		{72C3C2B4-E018-4F71-819A-B177615EFFE6}.Debug|Any CPU.ActiveCfg = Debug|Any CPU
		{72C3C2B4-E018-4F71-819A-B177615EFFE6}.Debug|Any CPU.Build.0 = Debug|Any CPU
		{72C3C2B4-E018-4F71-819A-B177615EFFE6}.Release|Any CPU.ActiveCfg = Release|Any CPU
		{72C3C2B4-E018-4F71-819A-B177615EFFE6}.Release|Any CPU.Build.0 = Release|Any CPU
		{38C6C321-93B1-4CA6-9779-60E2B34766A3}.Debug|Any CPU.ActiveCfg = Debug|Any CPU
		{38C6C321-93B1-4CA6-9779-60E2B34766A3}.Debug|Any CPU.Build.0 = Debug|Any CPU
		{38C6C321-93B1-4CA6-9779-60E2B34766A3}.Release|Any CPU.ActiveCfg = Release|Any CPU
		{38C6C321-93B1-4CA6-9779-60E2B34766A3}.Release|Any CPU.Build.0 = Release|Any CPU
		{24574FC6-2128-44A0-A7CC-20714049269F}.Debug|Any CPU.ActiveCfg = Debug|Any CPU
		{24574FC6-2128-44A0-A7CC-20714049269F}.Debug|Any CPU.Build.0 = Debug|Any CPU
		{24574FC6-2128-44A0-A7CC-20714049269F}.Release|Any CPU.ActiveCfg = Release|Any CPU
		{24574FC6-2128-44A0-A7CC-20714049269F}.Release|Any CPU.Build.0 = Release|Any CPU
		{14D2B0EA-3A82-48CB-AD36-25A875BB6AC6}.Debug|Any CPU.ActiveCfg = Debug|Any CPU
		{14D2B0EA-3A82-48CB-AD36-25A875BB6AC6}.Debug|Any CPU.Build.0 = Debug|Any CPU
		{14D2B0EA-3A82-48CB-AD36-25A875BB6AC6}.Release|Any CPU.ActiveCfg = Release|Any CPU
		{14D2B0EA-3A82-48CB-AD36-25A875BB6AC6}.Release|Any CPU.Build.0 = Release|Any CPU
		{CA15B7EB-4E4B-4AAF-9BEE-F8332A0C01D8}.Debug|Any CPU.ActiveCfg = Debug|Any CPU
		{CA15B7EB-4E4B-4AAF-9BEE-F8332A0C01D8}.Debug|Any CPU.Build.0 = Debug|Any CPU
		{CA15B7EB-4E4B-4AAF-9BEE-F8332A0C01D8}.Release|Any CPU.ActiveCfg = Release|Any CPU
		{CA15B7EB-4E4B-4AAF-9BEE-F8332A0C01D8}.Release|Any CPU.Build.0 = Release|Any CPU
	EndGlobalSection
	GlobalSection(SolutionProperties) = preSolution
		HideSolutionNode = FALSE
	EndGlobalSection
	GlobalSection(NestedProjects) = preSolution
		{F408CEBD-56F0-42CF-B535-7E48FFF9CBD2} = {75FD02C1-7564-47D8-9B36-76C3DC5F35FD}
		{B4351777-3A36-4E5A-A6B3-3966B7C2A516} = {A1B2D9BD-8559-4667-BB9E-FE480AF5A2C9}
		{150DB207-8CE0-41C3-BF1B-FC7A5B889E77} = {22D67AE7-EEB8-4BB3-9760-0F1E535072D1}
		{72CEABB5-4E3E-4D7F-8626-9773C91CDF8A} = {22D67AE7-EEB8-4BB3-9760-0F1E535072D1}
		{EAB5710D-1D60-47CD-AAA6-70AECC1CBA65} = {22D67AE7-EEB8-4BB3-9760-0F1E535072D1}
		{82277A41-9D6B-442D-9B5C-7D146FF4C534} = {2C6BBC51-6EE4-48EC-9C35-55B54E4BA0FF}
		{AFD98D97-2692-4DBD-806D-D711C4E79103} = {2C6BBC51-6EE4-48EC-9C35-55B54E4BA0FF}
		{C5B11812-3DB6-44D4-AEB0-A36EA43C3822} = {2C6BBC51-6EE4-48EC-9C35-55B54E4BA0FF}
		{4BCBBE0E-0A1E-402C-BE68-1C4ACA1EE0EF} = {926B52F5-7E05-4A65-ACA1-D2B3CDDE9666}
		{767915B3-C445-48E3-B2E5-3B7CD62EE0C5} = {926B52F5-7E05-4A65-ACA1-D2B3CDDE9666}
		{75E6B0B7-BC7C-444D-899F-DCB995794311} = {926B52F5-7E05-4A65-ACA1-D2B3CDDE9666}
		{28401FF5-D714-4E6D-8021-DD14A650F987} = {6925DA3D-75A9-4D8F-AFE3-B4F0120F2446}
		{72C3C2B4-E018-4F71-819A-B177615EFFE6} = {6925DA3D-75A9-4D8F-AFE3-B4F0120F2446}
		{38C6C321-93B1-4CA6-9779-60E2B34766A3} = {6925DA3D-75A9-4D8F-AFE3-B4F0120F2446}
		{24574FC6-2128-44A0-A7CC-20714049269F} = {162B7D24-9F5E-4731-A8E6-E0203C682DCD}
		{14D2B0EA-3A82-48CB-AD36-25A875BB6AC6} = {162B7D24-9F5E-4731-A8E6-E0203C682DCD}
		{CA15B7EB-4E4B-4AAF-9BEE-F8332A0C01D8} = {162B7D24-9F5E-4731-A8E6-E0203C682DCD}
	EndGlobalSection
	GlobalSection(ExtensibilityGlobals) = postSolution
		SolutionGuid = {A5DF1B4D-3EB0-4254-8259-86FE3F1F252F}
	EndGlobalSection
EndGlobal
